
Microsoft Visual Studio Solution File, Format Version 12.00
# Visual Studio 15
VisualStudioVersion = 15.0.27130.2036
MinimumVisualStudioVersion = 10.0.40219.1
Project("{FAE04EC0-301F-11D3-BF4B-00C04F79EFBC}") = "TP_AED_CalculaFormulas", "TP_AED_CalculaFormulas\TP_AED_CalculaFormulas.csproj", "{D8F930A2-5427-432D-A507-C203024A111D}"
EndProject
Global
	GlobalSection(SolutionConfigurationPlatforms) = preSolution
		Debug|Any CPU = Debug|Any CPU
		Release|Any CPU = Release|Any CPU
	EndGlobalSection
	GlobalSection(ProjectConfigurationPlatforms) = postSolution
		{D8F930A2-5427-432D-A507-C203024A111D}.Debug|Any CPU.ActiveCfg = Debug|Any CPU
		{D8F930A2-5427-432D-A507-C203024A111D}.Debug|Any CPU.Build.0 = Debug|Any CPU
		{D8F930A2-5427-432D-A507-C203024A111D}.Release|Any CPU.ActiveCfg = Release|Any CPU
		{D8F930A2-5427-432D-A507-C203024A111D}.Release|Any CPU.Build.0 = Release|Any CPU
	EndGlobalSection
	GlobalSection(SolutionProperties) = preSolution
		HideSolutionNode = FALSE
	EndGlobalSection
	GlobalSection(ExtensibilityGlobals) = postSolution
		SolutionGuid = {952488DE-1074-4439-9BF7-894D6704C60E}
	EndGlobalSection
EndGlobal
